
Microsoft Visual Studio Solution File, Format Version 12.00
# Visual Studio Version 17
VisualStudioVersion = 17.8.34309.116
MinimumVisualStudioVersion = 10.0.40219.1
Project("{FAE04EC0-301F-11D3-BF4B-00C04F79EFBC}") = "Server", "Server\Server.csproj", "{03315C45-AF5A-422A-AEC5-F0E22E18FEF5}"
EndProject
Global
	GlobalSection(SolutionConfigurationPlatforms) = preSolution
		Debug|Any CPU = Debug|Any CPU
		Release|Any CPU = Release|Any CPU
	EndGlobalSection
	GlobalSection(ProjectConfigurationPlatforms) = postSolution
		{03315C45-AF5A-422A-AEC5-F0E22E18FEF5}.Debug|Any CPU.ActiveCfg = Debug|Any CPU
		{03315C45-AF5A-422A-AEC5-F0E22E18FEF5}.Debug|Any CPU.Build.0 = Debug|Any CPU
		{03315C45-AF5A-422A-AEC5-F0E22E18FEF5}.Release|Any CPU.ActiveCfg = Release|Any CPU
		{03315C45-AF5A-422A-AEC5-F0E22E18FEF5}.Release|Any CPU.Build.0 = Release|Any CPU
	EndGlobalSection
	GlobalSection(SolutionProperties) = preSolution
		HideSolutionNode = FALSE
	EndGlobalSection
	GlobalSection(ExtensibilityGlobals) = postSolution
		SolutionGuid = {78D07CB9-7D16-490A-B83F-99FCC2B437C0}
	EndGlobalSection
EndGlobal
